dependencies:
- name: ingress-nginx
  repository: https://kubernetes.github.io/ingress-nginx
  version: 4.12.0
- name: cert-manager
  repository: https://charts.jetstack.io
  version: v1.16.2
digest: sha256:7b5479c9a4f55b35c85bf238afb8326153b7801018c333f90d2f564f34fb44ba
generated: "2025-01-12T09:48:35.7885316+01:00"
